// !$*UTF8*$!
{
	archiveVersion = 1;
	classes = {
	};
	objectVersion = 50;
	objects = {

/* Begin PBXBuildFile section */
		B40EAFB721DDF52000CF75B1 /* AppDelegate.swift in Sources */ = {isa = PBXBuildFile; fileRef = B40EAFB621DDF52000CF75B1 /* AppDelegate.swift */; };
		B40EAFB921DDF52000CF75B1 /* HomeViewController.swift in Sources */ = {isa = PBXBuildFile; fileRef = B40EAFB821DDF52000CF75B1 /* HomeViewController.swift */; };
		B40EAFBC21DDF52000CF75B1 /* Main.storyboard in Resources */ = {isa = PBXBuildFile; fileRef = B40EAFBA21DDF52000CF75B1 /* Main.storyboard */; };
		B40EAFBE21DDF52100CF75B1 /* Assets.xcassets in Resources */ = {isa = PBXBuildFile; fileRef = B40EAFBD21DDF52100CF75B1 /* Assets.xcassets */; };
		B40EAFC121DDF52100CF75B1 /* LaunchScreen.storyboard in Resources */ = {isa = PBXBuildFile; fileRef = B40EAFBF21DDF52100CF75B1 /* LaunchScreen.storyboard */; };
		B40EAFC921DDF85000CF75B1 /* QuestionsViewController.swift in Sources */ = {isa = PBXBuildFile; fileRef = B40EAFC821DDF85000CF75B1 /* QuestionsViewController.swift */; };
/* End PBXBuildFile section */

/* Begin PBXFileReference section */
		B40EAFB321DDF52000CF75B1 /* Basic-Quiz.app */ = {isa = PBXFileReference; explicitFileType = wrapper.application; includeInIndex = 0; path = "Basic-Quiz.app"; sourceTree = BUILT_PRODUCTS_DIR; };
		B40EAFB621DDF52000CF75B1 /* AppDelegate.swift */ = {isa = PBXFileReference; lastKnownFileType = sourcecode.swift; path = AppDelegate.swift; sourceTree = "<group>"; };
		B40EAFB821DDF52000CF75B1 /* HomeViewController.swift */ = {isa = PBXFileReference; lastKnownFileType = sourcecode.swift; path = HomeViewController.swift; sourceTree = "<group>"; };
		B40EAFBB21DDF52000CF75B1 /* Base */ = {isa = PBXFileReference; lastKnownFileType = file.storyboard; name = Base; path = Base.lproj/Main.storyboard; sourceTree = "<group>"; };
		B40EAFBD21DDF52100CF75B1 /* Assets.xcassets */ = {isa = PBXFileReference; lastKnownFileType = folder.assetcatalog; path = Assets.xcassets; sourceTree = "<group>"; };
		B40EAFC021DDF52100CF75B1 /* Base */ = {isa = PBXFileReference; lastKnownFileType = file.storyboard; name = Base; path = Base.lproj/LaunchScreen.storyboard; sourceTree = "<group>"; };
		B40EAFC221DDF52100CF75B1 /* Info.plist */ = {isa = PBXFileReference; lastKnownFileType = text.plist.xml; path = Info.plist; sourceTree = "<group>"; };
		B40EAFC821DDF85000CF75B1 /* QuestionsViewController.swift */ = {isa = PBXFileReference; lastKnownFileType = sourcecode.swift; path = QuestionsViewController.swift; sourceTree = "<group>"; };
/* End PBXFileReference section */

/* Begin PBXFrameworksBuildPhase section */
		B40EAFB021DDF52000CF75B1 /* Frameworks */ = {
			isa = PBXFrameworksBuildPhase;
			buildActionMask = 2147483647;
			files = (
			);
			runOnlyForDeploymentPostprocessing = 0;
		};
/* End PBXFrameworksBuildPhase section */

/* Begin PBXGroup section */
		B40EAFAA21DDF52000CF75B1 = {
			isa = PBXGroup;
			children = (
				B40EAFB521DDF52000CF75B1 /* Basic-Quiz */,
				B40EAFB421DDF52000CF75B1 /* Products */,
			);
			sourceTree = "<group>";
		};
		B40EAFB421DDF52000CF75B1 /* Products */ = {
			isa = PBXGroup;
			children = (
				B40EAFB321DDF52000CF75B1 /* Basic-Quiz.app */,
			);
			name = Products;
			sourceTree = "<group>";
		};
		B40EAFB521DDF52000CF75B1 /* Basic-Quiz */ = {
			isa = PBXGroup;
			children = (
				B40EAFB621DDF52000CF75B1 /* AppDelegate.swift */,
				B40EAFB821DDF52000CF75B1 /* HomeViewController.swift */,
				B40EAFC821DDF85000CF75B1 /* QuestionsViewController.swift */,
				B40EAFBA21DDF52000CF75B1 /* Main.storyboard */,
				B40EAFBD21DDF52100CF75B1 /* Assets.xcassets */,
				B40EAFBF21DDF52100CF75B1 /* LaunchScreen.storyboard */,
				B40EAFC221DDF52100CF75B1 /* Info.plist */,
			);
			path = "Basic-Quiz";
			sourceTree = "<group>";
		};
/* End PBXGroup section */

/* Begin PBXNativeTarget section */
		B40EAFB221DDF52000CF75B1 /* Basic-Quiz */ = {
			isa = PBXNativeTarget;
			buildConfigurationList = B40EAFC521DDF52100CF75B1 /* Build configuration list for PBXNativeTarget "Basic-Quiz" */;
			buildPhases = (
				B40EAFAF21DDF52000CF75B1 /* Sources */,
				B40EAFB021DDF52000CF75B1 /* Frameworks */,
				B40EAFB121DDF52000CF75B1 /* Resources */,
			);
			buildRules = (
			);
			dependencies = (
			);
			name = "Basic-Quiz";
			productName = "Basic-Quiz";
			productReference = B40EAFB321DDF52000CF75B1 /* Basic-Quiz.app */;
			productType = "com.apple.product-type.application";
		};
/* End PBXNativeTarget section */

/* Begin PBXProject section */
		B40EAFAB21DDF52000CF75B1 /* Project object */ = {
			isa = PBXProject;
			attributes = {
				LastSwiftUpdateCheck = 1010;
				LastUpgradeCheck = 1010;
				ORGANIZATIONNAME = "I Dev TV";
				TargetAttributes = {
					B40EAFB221DDF52000CF75B1 = {
						CreatedOnToolsVersion = 10.1;
					};
				};
			};
			buildConfigurationList = B40EAFAE21DDF52000CF75B1 /* Build configuration list for PBXProject "Basic-Quiz" */;
			compatibilityVersion = "Xcode 9.3";
			developmentRegion = en;
			hasScannedForEncodings = 0;
			knownRegions = (
				en,
				Base,
			);
			mainGroup = B40EAFAA21DDF52000CF75B1;
			productRefGroup = B40EAFB421DDF52000CF75B1 /* Products */;
			projectDirPath = "";
			projectRoot = "";
			targets = (
				B40EAFB221DDF52000CF75B1 /* Basic-Quiz */,
			);
		};
/* End PBXProject section */

/* Begin PBXResourcesBuildPhase section */
		B40EAFB121DDF52000CF75B1 /* Resources */ = {
			isa = PBXResourcesBuildPhase;
			buildActionMask = 2147483647;
			files = (
				B40EAFC121DDF52100CF75B1 /* LaunchScreen.storyboard in Resources */,
				B40EAFBE21DDF52100CF75B1 /* Assets.xcassets in Resources */,
				B40EAFBC21DDF52000CF75B1 /* Main.storyboard in Resources */,
			);
			runOnlyForDeploymentPostprocessing = 0;
		};
/* End PBXResourcesBuildPhase section */

/* Begin PBXSourcesBuildPhase section */
		B40EAFAF21DDF52000CF75B1 /* Sources */ = {
			isa = PBXSourcesBuildPhase;
			buildActionMask = 2147483647;
			files = (
				B40EAFB921DDF52000CF75B1 /* HomeViewController.swift in Sources */,
				B40EAFB721DDF52000CF75B1 /* AppDelegate.swift in Sources */,
				B40EAFC921DDF85000CF75B1 /* QuestionsViewController.swift in Sources */,
			);
			runOnlyForDeploymentPostprocessing = 0;
		};
/* End PBXSourcesBuildPhase section */

/* Begin PBXVariantGroup section */
		B40EAFBA21DDF52000CF75B1 /* Main.storyboard */ = {
			isa = PBXVariantGroup;
			children = (
				B40EAFBB21DDF52000CF75B1 /* Base */,
			);
			name = Main.storyboard;
			sourceTree = "<group>";
		};
		B40EAFBF21DDF52100CF75B1 /* LaunchScreen.storyboard */ = {
			isa = PBXVariantGroup;
			children = (
				B40EAFC021DDF52100CF75B1 /* Base */,
			);
			name = LaunchScreen.storyboard;
			sourceTree = "<group>";
		};
/* End PBXVariantGroup section */

/* Begin XCBuildConfiguration section */
		B40EAFC321DDF52100CF75B1 /* Debug */ = {
			isa = XCBuildConfiguration;
			buildSettings = {
				ALWAYS_SEARCH_USER_PATHS = NO;
				CLANG_ANALYZER_NONNULL = YES;
				CLANG_ANALYZER_NUMBER_OBJECT_CONVERSION = YES_AGGRESSIVE;
				CLANG_CXX_LANGUAGE_STANDARD = "gnu++14";
				CLANG_CXX_LIBRARY = "libc++";
				CLANG_ENABLE_MODULES = YES;
				CLANG_ENABLE_OBJC_ARC = YES;
				CLANG_ENABLE_OBJC_WEAK = YES;
				CLANG_WARN_BLOCK_CAPTURE_AUTORELEASING = YES;
				CLANG_WARN_BOOL_CONVERSION = YES;
				CLANG_WARN_COMMA = YES;
				CLANG_WARN_CONSTANT_CONVERSION = YES;
				CLANG_WARN_DEPRECATED_OBJC_IMPLEMENTATIONS = YES;
				CLANG_WARN_DIRECT_OBJC_ISA_USAGE = YES_ERROR;
				CLANG_WARN_DOCUMENTATION_COMMENTS = YES;
				CLANG_WARN_EMPTY_BODY = YES;
				CLANG_WARN_ENUM_CONVERSION = YES;
				CLANG_WARN_INFINITE_RECURSION = YES;
				CLANG_WARN_INT_CONVERSION = YES;
				CLANG_WARN_NON_LITERAL_NULL_CONVERSION = YES;
				CLANG_WARN_OBJC_IMPLICIT_RETAIN_SELF = YES;
				CLANG_WARN_OBJC_LITERAL_CONVERSION = YES;
				CLANG_WARN_OBJC_ROOT_CLASS = YES_ERROR;
				CLANG_WARN_RANGE_LOOP_ANALYSIS = YES;
				CLANG_WARN_STRICT_PROTOTYPES = YES;
				CLANG_WARN_SUSPICIOUS_MOVE = YES;
				CLANG_WARN_UNGUARDED_AVAILABILITY = YES_AGGRESSIVE;
				CLANG_WARN_UNREACHABLE_CODE = YES;
				CLANG_WARN__DUPLICATE_METHOD_MATCH = YES;
				CODE_SIGN_IDENTITY = "iPhone Developer";
				COPY_PHASE_STRIP = NO;
				DEBUG_INFORMATION_FORMAT = dwarf;
				ENABLE_STRICT_OBJC_MSGSEND = YES;
				ENABLE_TESTABILITY = YES;
				GCC_C_LANGUAGE_STANDARD = gnu11;
				GCC_DYNAMIC_NO_PIC = NO;
				GCC_NO_COMMON_BLOCKS = YES;
				GCC_OPTIMIZATION_LEVEL = 0;
				GCC_PREPROCESSOR_DEFINITIONS = (
					"DEBUG=1",
					"$(inherited)",
				);
				GCC_WARN_64_TO_32_BIT_CONVERSION = YES;
				GCC_WARN_ABOUT_RETURN_TYPE = YES_ERROR;
				GCC_WARN_UNDECLARED_SELECTOR = YES;
				GCC_WARN_UNINITIALIZED_AUTOS = YES_AGGRESSIVE;
				GCC_WARN_UNUSED_FUNCTION = YES;
				GCC_WARN_UNUSED_VARIABLE = YES;
				IPHONEOS_DEPLOYMENT_TARGET = 12.1;
				MTL_ENABLE_DEBUG_INFO = INCLUDE_SOURCE;
				MTL_FAST_MATH = YES;
				ONLY_ACTIVE_ARCH = YES;
				SDKROOT = iphoneos;
				SWIFT_ACTIVE_COMPILATION_CONDITIONS = DEBUG;
				SWIFT_OPTIMIZATION_LEVEL = "-Onone";
			};
			name = Debug;
		};
		B40EAFC421DDF52100CF75B1 /* Release */ = {
			isa = XCBuildConfiguration;
			buildSettings = {
				ALWAYS_SEARCH_USER_PATHS = NO;
				CLANG_ANALYZER_NONNULL = YES;
				CLANG_ANALYZER_NUMBER_OBJECT_CONVERSION = YES_AGGRESSIVE;
				CLANG_CXX_LANGUAGE_STANDARD = "gnu++14";
				CLANG_CXX_LIBRARY = "libc++";
				CLANG_ENABLE_MODULES = YES;
				CLANG_ENABLE_OBJC_ARC = YES;
				CLANG_ENABLE_OBJC_WEAK = YES;
				CLANG_WARN_BLOCK_CAPTURE_AUTORELEASING = YES;
				CLANG_WARN_BOOL_CONVERSION = YES;
				CLANG_WARN_COMMA = YES;
				CLANG_WARN_CONSTANT_CONVERSION = YES;
				CLANG_WARN_DEPRECATED_OBJC_IMPLEMENTATIONS = YES;
				CLANG_WARN_DIRECT_OBJC_ISA_USAGE = YES_ERROR;
				CLANG_WARN_DOCUMENTATION_COMMENTS = YES;
				CLANG_WARN_EMPTY_BODY = YES;
				CLANG_WARN_ENUM_CONVERSION = YES;
				CLANG_WARN_INFINITE_RECURSION = YES;
				CLANG_WARN_INT_CONVERSION = YES;
				CLANG_WARN_NON_LITERAL_NULL_CONVERSION = YES;
				CLANG_WARN_OBJC_IMPLICIT_RETAIN_SELF = YES;
				CLANG_WARN_OBJC_LITERAL_CONVERSION = YES;
				CLANG_WARN_OBJC_ROOT_CLASS = YES_ERROR;
				CLANG_WARN_RANGE_LOOP_ANALYSIS = YES;
				CLANG_WARN_STRICT_PROTOTYPES = YES;
				CLANG_WARN_SUSPICIOUS_MOVE = YES;
				CLANG_WARN_UNGUARDED_AVAILABILITY = YES_AGGRESSIVE;
				CLANG_WARN_UNREACHABLE_CODE = YES;
				CLANG_WARN__DUPLICATE_METHOD_MATCH = YES;
				CODE_SIGN_IDENTITY = "iPhone Developer";
				COPY_PHASE_STRIP = NO;
				DEBUG_INFORMATION_FORMAT = "dwarf-with-dsym";
				ENABLE_NS_ASSERTIONS = NO;
				ENABLE_STRICT_OBJC_MSGSEND = YES;
				GCC_C_LANGUAGE_STANDARD = gnu11;
				GCC_NO_COMMON_BLOCKS = YES;
				GCC_WARN_64_TO_32_BIT_CONVERSION = YES;
				GCC_WARN_ABOUT_RETURN_TYPE = YES_ERROR;
				GCC_WARN_UNDECLARED_SELECTOR = YES;
				GCC_WARN_UNINITIALIZED_AUTOS = YES_AGGRESSIVE;
				GCC_WARN_UNUSED_FUNCTION = YES;
				GCC_WARN_UNUSED_VARIABLE = YES;
				IPHONEOS_DEPLOYMENT_TARGET = 12.1;
				MTL_ENABLE_DEBUG_INFO = NO;
				MTL_FAST_MATH = YES;
				SDKROOT = iphoneos;
				SWIFT_COMPILATION_MODE = wholemodule;
				SWIFT_OPTIMIZATION_LEVEL = "-O";
				VALIDATE_PRODUCT = YES;
			};
			name = Release;
		};
		B40EAFC621DDF52100CF75B1 /* Debug */ = {
			isa = XCBuildConfiguration;
			buildSettings = {
				ASSETCATALOG_COMPILER_APPICON_NAME = AppIcon;
				CODE_SIGN_STYLE = Automatic;
				INFOPLIST_FILE = "Basic-Quiz/Info.plist";
				LD_RUNPATH_SEARCH_PATHS = (
					"$(inherited)",
					"@executable_path/Frameworks",
				);
				PRODUCT_BUNDLE_IDENTIFIER = "com.idevtv.Basic-Quiz";
				PRODUCT_NAME = "$(TARGET_NAME)";
				SWIFT_VERSION = 4.2;
				TARGETED_DEVICE_FAMILY = "1,2";
			};
			name = Debug;
		};
		B40EAFC721DDF52100CF75B1 /* Release */ = {
			isa = XCBuildConfiguration;
			buildSettings = {
				ASSETCATALOG_COMPILER_APPICON_NAME = AppIcon;
				CODE_SIGN_STYLE = Automatic;
				INFOPLIST_FILE = "Basic-Quiz/Info.plist";
				LD_RUNPATH_SEARCH_PATHS = (
					"$(inherited)",
					"@executable_path/Frameworks",
				);
				PRODUCT_BUNDLE_IDENTIFIER = "com.idevtv.Basic-Quiz";
				PRODUCT_NAME = "$(TARGET_NAME)";
				SWIFT_VERSION = 4.2;
				TARGETED_DEVICE_FAMILY = "1,2";
			};
			name = Release;
		};
/* End XCBuildConfiguration section */

/* Begin XCConfigurationList section */
		B40EAFAE21DDF52000CF75B1 /* Build configuration list for PBXProject "Basic-Quiz" */ = {
			isa = XCConfigurationList;
			buildConfigurations = (
				B40EAFC321DDF52100CF75B1 /* Debug */,
				B40EAFC421DDF52100CF75B1 /* Release */,
			);
			defaultConfigurationIsVisible = 0;
			defaultConfigurationName = Release;
		};
		B40EAFC521DDF52100CF75B1 /* Build configuration list for PBXNativeTarget "Basic-Quiz" */ = {
			isa = XCConfigurationList;
			buildConfigurations = (
				B40EAFC621DDF52100CF75B1 /* Debug */,
				B40EAFC721DDF52100CF75B1 /* Release */,
			);
			defaultConfigurationIsVisible = 0;
			defaultConfigurationName = Release;
		};
/* End XCConfigurationList section */
	};
	rootObject = B40EAFAB21DDF52000CF75B1 /* Project object */;
}
